// !$*UTF8*$!
{
	archiveVersion = 1;
	classes = {
	};
	objectVersion = 52;
	objects = {

/* Begin PBXBuildFile section */
		D30FAA3526CB079700B8BF20 /* AppDelegate.swift in Sources */ = {isa = PBXBuildFile; fileRef = D30FAA3426CB079700B8BF20 /* AppDelegate.swift */; };
		D30FAA3726CB079700B8BF20 /* SceneDelegate.swift in Sources */ = {isa = PBXBuildFile; fileRef = D30FAA3626CB079700B8BF20 /* SceneDelegate.swift */; };
		D30FAA3C26CB079700B8BF20 /* Main.storyboard in Resources */ = {isa = PBXBuildFile; fileRef = D30FAA3A26CB079700B8BF20 /* Main.storyboard */; };
		D30FAA3E26CB079900B8BF20 /* Assets.xcassets in Resources */ = {isa = PBXBuildFile; fileRef = D30FAA3D26CB079900B8BF20 /* Assets.xcassets */; };
		D30FAA4126CB079900B8BF20 /* LaunchScreen.storyboard in Resources */ = {isa = PBXBuildFile; fileRef = D30FAA3F26CB079900B8BF20 /* LaunchScreen.storyboard */; };
		D30FAA6C26CBD38400B8BF20 /* ScannedDocumentViewController.swift in Sources */ = {isa = PBXBuildFile; fileRef = D30FAA6A26CBD38400B8BF20 /* ScannedDocumentViewController.swift */; };
		D30FAA6D26CBD38400B8BF20 /* ScannerViewController.swift in Sources */ = {isa = PBXBuildFile; fileRef = D30FAA6B26CBD38400B8BF20 /* ScannerViewController.swift */; };
		D30FAA7026CBD9AE00B8BF20 /* ScannedDocumentView.swift in Sources */ = {isa = PBXBuildFile; fileRef = D30FAA6F26CBD9AE00B8BF20 /* ScannedDocumentView.swift */; };
		D30FAA7A26CD53DE00B8BF20 /* VNDocumentCameraScan+Pdf.swift in Sources */ = {isa = PBXBuildFile; fileRef = D30FAA7926CD53DE00B8BF20 /* VNDocumentCameraScan+Pdf.swift */; };
		D336A6AE29016F0F00C1177B /* DocumentDataExportStrategy.swift in Sources */ = {isa = PBXBuildFile; fileRef = D336A6AD29016F0F00C1177B /* DocumentDataExportStrategy.swift */; };
		D336A6B6290197AA00C1177B /* FilenameStrategy.swift in Sources */ = {isa = PBXBuildFile; fileRef = D336A6B5290197AA00C1177B /* FilenameStrategy.swift */; };
		D336A6B829019E9100C1177B /* DocumentShareStrategy.swift in Sources */ = {isa = PBXBuildFile; fileRef = D336A6B729019E9100C1177B /* DocumentShareStrategy.swift */; };
		D336A6BD2901EBC400C1177B /* NoneFilenameStrategyTests.swift in Sources */ = {isa = PBXBuildFile; fileRef = D336A6BC2901EBC400C1177B /* NoneFilenameStrategyTests.swift */; };
		D336A6C02901EDD900C1177B /* MockScanCounter.swift in Sources */ = {isa = PBXBuildFile; fileRef = D336A6BF2901EDD900C1177B /* MockScanCounter.swift */; };
		D336A6C22901EE1D00C1177B /* CounterFilenameStrategyTests.swift in Sources */ = {isa = PBXBuildFile; fileRef = D336A6C12901EE1D00C1177B /* CounterFilenameStrategyTests.swift */; };
		D336A6C42901EF1300C1177B /* DateAndTimeFilenameStrategyTests.swift in Sources */ = {isa = PBXBuildFile; fileRef = D336A6C32901EF1300C1177B /* DateAndTimeFilenameStrategyTests.swift */; };
		D336A6C62901EF2D00C1177B /* MockTimeProvider.swift in Sources */ = {isa = PBXBuildFile; fileRef = D336A6C52901EF2D00C1177B /* MockTimeProvider.swift */; };
		D344DC9328BFE29B000FD06D /* FileSettingsSectionView.swift in Sources */ = {isa = PBXBuildFile; fileRef = D344DC9228BFE29B000FD06D /* FileSettingsSectionView.swift */; };
		D344DC9528BFE424000FD06D /* AboutSettingsSectionView.swift in Sources */ = {isa = PBXBuildFile; fileRef = D344DC9428BFE424000FD06D /* AboutSettingsSectionView.swift */; };
		D344DC9728BFEBEE000FD06D /* FileSettings.swift in Sources */ = {isa = PBXBuildFile; fileRef = D344DC9628BFEBEE000FD06D /* FileSettings.swift */; };
		D344DC9928C0A2A8000FD06D /* SettingsViewControllerFactory.swift in Sources */ = {isa = PBXBuildFile; fileRef = D344DC9828C0A2A8000FD06D /* SettingsViewControllerFactory.swift */; };
		D344DC9B28C0A415000FD06D /* ScanCounter.swift in Sources */ = {isa = PBXBuildFile; fileRef = D344DC9A28C0A415000FD06D /* ScanCounter.swift */; };
		D346DE9227F0B1EA00890528 /* SettingsView.swift in Sources */ = {isa = PBXBuildFile; fileRef = D346DE9127F0B1EA00890528 /* SettingsView.swift */; };
		D37296FD28FD491400939783 /* SnapshotTesting in Frameworks */ = {isa = PBXBuildFile; productRef = D37296FC28FD491400939783 /* SnapshotTesting */; };
		D37296FF28FD4A0300939783 /* SettingsViewSnapshotTests.swift in Sources */ = {isa = PBXBuildFile; fileRef = D37296FE28FD4A0300939783 /* SettingsViewSnapshotTests.swift */; };
		D372970F28FF362A00939783 /* AboutSettingsSectionViewSnapshotTests.swift in Sources */ = {isa = PBXBuildFile; fileRef = D372970E28FF362A00939783 /* AboutSettingsSectionViewSnapshotTests.swift */; };
		D372971128FF385E00939783 /* FileSettingsSectionViewSnapshotTests.swift in Sources */ = {isa = PBXBuildFile; fileRef = D372971028FF385E00939783 /* FileSettingsSectionViewSnapshotTests.swift */; };
		D372971328FF38F500939783 /* MockFileSettings.swift in Sources */ = {isa = PBXBuildFile; fileRef = D372971228FF38F500939783 /* MockFileSettings.swift */; };
/* End PBXBuildFile section */

/* Begin PBXContainerItemProxy section */
		D30FAA4826CB079900B8BF20 /* PBXContainerItemProxy */ = {
			isa = PBXContainerItemProxy;
			containerPortal = D30FAA2926CB079700B8BF20 /* Project object */;
			proxyType = 1;
			remoteGlobalIDString = D30FAA3026CB079700B8BF20;
			remoteInfo = "quick-scan";
		};
/* End PBXContainerItemProxy section */

/* Begin PBXFileReference section */
		D30FAA3126CB079700B8BF20 /* quick-scan.app */ = {isa = PBXFileReference; explicitFileType = wrapper.application; includeInIndex = 0; path = "quick-scan.app"; sourceTree = BUILT_PRODUCTS_DIR; };
		D30FAA3426CB079700B8BF20 /* AppDelegate.swift */ = {isa = PBXFileReference; lastKnownFileType = sourcecode.swift; path = AppDelegate.swift; sourceTree = "<group>"; };
		D30FAA3626CB079700B8BF20 /* SceneDelegate.swift */ = {isa = PBXFileReference; lastKnownFileType = sourcecode.swift; path = SceneDelegate.swift; sourceTree = "<group>"; };
		D30FAA3B26CB079700B8BF20 /* Base */ = {isa = PBXFileReference; lastKnownFileType = file.storyboard; name = Base; path = Base.lproj/Main.storyboard; sourceTree = "<group>"; };
		D30FAA3D26CB079900B8BF20 /* Assets.xcassets */ = {isa = PBXFileReference; lastKnownFileType = folder.assetcatalog; path = Assets.xcassets; sourceTree = "<group>"; };
		D30FAA4026CB079900B8BF20 /* Base */ = {isa = PBXFileReference; lastKnownFileType = file.storyboard; name = Base; path = Base.lproj/LaunchScreen.storyboard; sourceTree = "<group>"; };
		D30FAA4226CB079900B8BF20 /* Info.plist */ = {isa = PBXFileReference; lastKnownFileType = text.plist.xml; path = Info.plist; sourceTree = "<group>"; };
		D30FAA4726CB079900B8BF20 /* quick-scanTests.xctest */ = {isa = PBXFileReference; explicitFileType = wrapper.cfbundle; includeInIndex = 0; path = "quick-scanTests.xctest"; sourceTree = BUILT_PRODUCTS_DIR; };
		D30FAA4D26CB079900B8BF20 /* Info.plist */ = {isa = PBXFileReference; lastKnownFileType = text.plist.xml; path = Info.plist; sourceTree = "<group>"; };
		D30FAA6A26CBD38400B8BF20 /* ScannedDocumentViewController.swift */ = {isa = PBXFileReference; fileEncoding = 4; lastKnownFileType = sourcecode.swift; path = ScannedDocumentViewController.swift; sourceTree = "<group>"; };
		D30FAA6B26CBD38400B8BF20 /* ScannerViewController.swift */ = {isa = PBXFileReference; fileEncoding = 4; lastKnownFileType = sourcecode.swift; path = ScannerViewController.swift; sourceTree = "<group>"; };
		D30FAA6F26CBD9AE00B8BF20 /* ScannedDocumentView.swift */ = {isa = PBXFileReference; lastKnownFileType = sourcecode.swift; path = ScannedDocumentView.swift; sourceTree = "<group>"; };
		D30FAA7926CD53DE00B8BF20 /* VNDocumentCameraScan+Pdf.swift */ = {isa = PBXFileReference; lastKnownFileType = sourcecode.swift; path = "VNDocumentCameraScan+Pdf.swift"; sourceTree = "<group>"; };
		D336A6AD29016F0F00C1177B /* DocumentDataExportStrategy.swift */ = {isa = PBXFileReference; lastKnownFileType = sourcecode.swift; path = DocumentDataExportStrategy.swift; sourceTree = "<group>"; };
		D336A6B5290197AA00C1177B /* FilenameStrategy.swift */ = {isa = PBXFileReference; lastKnownFileType = sourcecode.swift; path = FilenameStrategy.swift; sourceTree = "<group>"; };
		D336A6B729019E9100C1177B /* DocumentShareStrategy.swift */ = {isa = PBXFileReference; lastKnownFileType = sourcecode.swift; path = DocumentShareStrategy.swift; sourceTree = "<group>"; };
		D336A6BC2901EBC400C1177B /* NoneFilenameStrategyTests.swift */ = {isa = PBXFileReference; lastKnownFileType = sourcecode.swift; path = NoneFilenameStrategyTests.swift; sourceTree = "<group>"; };
		D336A6BF2901EDD900C1177B /* MockScanCounter.swift */ = {isa = PBXFileReference; lastKnownFileType = sourcecode.swift; path = MockScanCounter.swift; sourceTree = "<group>"; };
		D336A6C12901EE1D00C1177B /* CounterFilenameStrategyTests.swift */ = {isa = PBXFileReference; lastKnownFileType = sourcecode.swift; path = CounterFilenameStrategyTests.swift; sourceTree = "<group>"; };
		D336A6C32901EF1300C1177B /* DateAndTimeFilenameStrategyTests.swift */ = {isa = PBXFileReference; lastKnownFileType = sourcecode.swift; path = DateAndTimeFilenameStrategyTests.swift; sourceTree = "<group>"; };
		D336A6C52901EF2D00C1177B /* MockTimeProvider.swift */ = {isa = PBXFileReference; lastKnownFileType = sourcecode.swift; path = MockTimeProvider.swift; sourceTree = "<group>"; };
		D344DC9228BFE29B000FD06D /* FileSettingsSectionView.swift */ = {isa = PBXFileReference; lastKnownFileType = sourcecode.swift; path = FileSettingsSectionView.swift; sourceTree = "<group>"; };
		D344DC9428BFE424000FD06D /* AboutSettingsSectionView.swift */ = {isa = PBXFileReference; lastKnownFileType = sourcecode.swift; path = AboutSettingsSectionView.swift; sourceTree = "<group>"; };
		D344DC9628BFEBEE000FD06D /* FileSettings.swift */ = {isa = PBXFileReference; lastKnownFileType = sourcecode.swift; path = FileSettings.swift; sourceTree = "<group>"; };
		D344DC9828C0A2A8000FD06D /* SettingsViewControllerFactory.swift */ = {isa = PBXFileReference; lastKnownFileType = sourcecode.swift; path = SettingsViewControllerFactory.swift; sourceTree = "<group>"; };
		D344DC9A28C0A415000FD06D /* ScanCounter.swift */ = {isa = PBXFileReference; lastKnownFileType = sourcecode.swift; path = ScanCounter.swift; sourceTree = "<group>"; };
		D346DE9127F0B1EA00890528 /* SettingsView.swift */ = {isa = PBXFileReference; lastKnownFileType = sourcecode.swift; path = SettingsView.swift; sourceTree = "<group>"; };
		D37296FE28FD4A0300939783 /* SettingsViewSnapshotTests.swift */ = {isa = PBXFileReference; lastKnownFileType = sourcecode.swift; path = SettingsViewSnapshotTests.swift; sourceTree = "<group>"; };
		D372970E28FF362A00939783 /* AboutSettingsSectionViewSnapshotTests.swift */ = {isa = PBXFileReference; lastKnownFileType = sourcecode.swift; path = AboutSettingsSectionViewSnapshotTests.swift; sourceTree = "<group>"; };
		D372971028FF385E00939783 /* FileSettingsSectionViewSnapshotTests.swift */ = {isa = PBXFileReference; lastKnownFileType = sourcecode.swift; path = FileSettingsSectionViewSnapshotTests.swift; sourceTree = "<group>"; };
		D372971228FF38F500939783 /* MockFileSettings.swift */ = {isa = PBXFileReference; lastKnownFileType = sourcecode.swift; path = MockFileSettings.swift; sourceTree = "<group>"; };
/* End PBXFileReference section */

/* Begin PBXFrameworksBuildPhase section */
		D30FAA2E26CB079700B8BF20 /* Frameworks */ = {
			isa = PBXFrameworksBuildPhase;
			buildActionMask = 2147483647;
			files = (
			);
			runOnlyForDeploymentPostprocessing = 0;
		};
		D30FAA4426CB079900B8BF20 /* Frameworks */ = {
			isa = PBXFrameworksBuildPhase;
			buildActionMask = 2147483647;
			files = (
				D37296FD28FD491400939783 /* SnapshotTesting in Frameworks */,
			);
			runOnlyForDeploymentPostprocessing = 0;
		};
/* End PBXFrameworksBuildPhase section */

/* Begin PBXGroup section */
		D30FAA2826CB079700B8BF20 = {
			isa = PBXGroup;
			children = (
				D30FAA3326CB079700B8BF20 /* quick-scan */,
				D30FAA4A26CB079900B8BF20 /* quick-scanTests */,
				D30FAA3226CB079700B8BF20 /* Products */,
			);
			sourceTree = "<group>";
		};
		D30FAA3226CB079700B8BF20 /* Products */ = {
			isa = PBXGroup;
			children = (
				D30FAA3126CB079700B8BF20 /* quick-scan.app */,
				D30FAA4726CB079900B8BF20 /* quick-scanTests.xctest */,
			);
			name = Products;
			sourceTree = "<group>";
		};
		D30FAA3326CB079700B8BF20 /* quick-scan */ = {
			isa = PBXGroup;
			children = (
				D346DE9027F0B1D900890528 /* settings */,
				D30FAA7826CD538700B8BF20 /* scanner */,
				D30FAA6E26CBD95700B8BF20 /* result */,
				D30FAA3426CB079700B8BF20 /* AppDelegate.swift */,
				D30FAA3626CB079700B8BF20 /* SceneDelegate.swift */,
				D30FAA3A26CB079700B8BF20 /* Main.storyboard */,
				D30FAA3D26CB079900B8BF20 /* Assets.xcassets */,
				D30FAA3F26CB079900B8BF20 /* LaunchScreen.storyboard */,
				D30FAA4226CB079900B8BF20 /* Info.plist */,
			);
			path = "quick-scan";
			sourceTree = "<group>";
		};
		D30FAA4A26CB079900B8BF20 /* quick-scanTests */ = {
			isa = PBXGroup;
			children = (
				D336A6BE2901EDCB00C1177B /* scanner */,
				D336A6BB2901EB9300C1177B /* settings */,
				D336A6B92901EB7E00C1177B /* result */,
				D30FAA4D26CB079900B8BF20 /* Info.plist */,
			);
			path = "quick-scanTests";
			sourceTree = "<group>";
		};
		D30FAA6E26CBD95700B8BF20 /* result */ = {
			isa = PBXGroup;
			children = (
				D336A6AC29016F0300C1177B /* share */,
				D30FAA6A26CBD38400B8BF20 /* ScannedDocumentViewController.swift */,
				D30FAA6F26CBD9AE00B8BF20 /* ScannedDocumentView.swift */,
				D30FAA7926CD53DE00B8BF20 /* VNDocumentCameraScan+Pdf.swift */,
			);
			path = result;
			sourceTree = "<group>";
		};
		D30FAA7826CD538700B8BF20 /* scanner */ = {
			isa = PBXGroup;
			children = (
				D30FAA6B26CBD38400B8BF20 /* ScannerViewController.swift */,
				D344DC9A28C0A415000FD06D /* ScanCounter.swift */,
			);
			path = scanner;
			sourceTree = "<group>";
		};
		D336A6AC29016F0300C1177B /* share */ = {
			isa = PBXGroup;
			children = (
				D336A6AD29016F0F00C1177B /* DocumentDataExportStrategy.swift */,
				D336A6B5290197AA00C1177B /* FilenameStrategy.swift */,
				D336A6B729019E9100C1177B /* DocumentShareStrategy.swift */,
			);
			path = share;
			sourceTree = "<group>";
		};
		D336A6B92901EB7E00C1177B /* result */ = {
			isa = PBXGroup;
			children = (
				D336A6BA2901EB8600C1177B /* share */,
			);
			path = result;
			sourceTree = "<group>";
		};
		D336A6BA2901EB8600C1177B /* share */ = {
			isa = PBXGroup;
			children = (
				D336A6BC2901EBC400C1177B /* NoneFilenameStrategyTests.swift */,
				D336A6C12901EE1D00C1177B /* CounterFilenameStrategyTests.swift */,
				D336A6C32901EF1300C1177B /* DateAndTimeFilenameStrategyTests.swift */,
				D336A6C52901EF2D00C1177B /* MockTimeProvider.swift */,
			);
			path = share;
			sourceTree = "<group>";
		};
		D336A6BB2901EB9300C1177B /* settings */ = {
			isa = PBXGroup;
			children = (
				D37296FE28FD4A0300939783 /* SettingsViewSnapshotTests.swift */,
				D372970E28FF362A00939783 /* AboutSettingsSectionViewSnapshotTests.swift */,
				D372971028FF385E00939783 /* FileSettingsSectionViewSnapshotTests.swift */,
				D372971228FF38F500939783 /* MockFileSettings.swift */,
			);
			path = settings;
			sourceTree = "<group>";
		};
		D336A6BE2901EDCB00C1177B /* scanner */ = {
			isa = PBXGroup;
			children = (
				D336A6BF2901EDD900C1177B /* MockScanCounter.swift */,
			);
			path = scanner;
			sourceTree = "<group>";
		};
		D346DE9027F0B1D900890528 /* settings */ = {
			isa = PBXGroup;
			children = (
				D346DE9127F0B1EA00890528 /* SettingsView.swift */,
				D344DC9228BFE29B000FD06D /* FileSettingsSectionView.swift */,
				D344DC9428BFE424000FD06D /* AboutSettingsSectionView.swift */,
				D344DC9628BFEBEE000FD06D /* FileSettings.swift */,
				D344DC9828C0A2A8000FD06D /* SettingsViewControllerFactory.swift */,
			);
			path = settings;
			sourceTree = "<group>";
		};
/* End PBXGroup section */

/* Begin PBXNativeTarget section */
		D30FAA3026CB079700B8BF20 /* quick-scan */ = {
			isa = PBXNativeTarget;
			buildConfigurationList = D30FAA5B26CB079900B8BF20 /* Build configuration list for PBXNativeTarget "quick-scan" */;
			buildPhases = (
				D342D7EF28AFD22B00680174 /* Swiftlint */,
				D30FAA2D26CB079700B8BF20 /* Sources */,
				D30FAA2E26CB079700B8BF20 /* Frameworks */,
				D30FAA2F26CB079700B8BF20 /* Resources */,
			);
			buildRules = (
			);
			dependencies = (
			);
			name = "quick-scan";
			productName = "quick-scan";
			productReference = D30FAA3126CB079700B8BF20 /* quick-scan.app */;
			productType = "com.apple.product-type.application";
		};
		D30FAA4626CB079900B8BF20 /* quick-scanTests */ = {
			isa = PBXNativeTarget;
			buildConfigurationList = D30FAA5E26CB079900B8BF20 /* Build configuration list for PBXNativeTarget "quick-scanTests" */;
			buildPhases = (
				D30FAA4326CB079900B8BF20 /* Sources */,
				D30FAA4426CB079900B8BF20 /* Frameworks */,
				D30FAA4526CB079900B8BF20 /* Resources */,
			);
			buildRules = (
			);
			dependencies = (
				D30FAA4926CB079900B8BF20 /* PBXTargetDependency */,
			);
			name = "quick-scanTests";
			packageProductDependencies = (
				D37296FC28FD491400939783 /* SnapshotTesting */,
			);
			productName = "quick-scanTests";
			productReference = D30FAA4726CB079900B8BF20 /* quick-scanTests.xctest */;
			productType = "com.apple.product-type.bundle.unit-test";
		};
/* End PBXNativeTarget section */

/* Begin PBXProject section */
		D30FAA2926CB079700B8BF20 /* Project object */ = {
			isa = PBXProject;
			attributes = {
				LastSwiftUpdateCheck = 1250;
				LastUpgradeCheck = 1250;
				TargetAttributes = {
					D30FAA3026CB079700B8BF20 = {
						CreatedOnToolsVersion = 12.5.1;
					};
					D30FAA4626CB079900B8BF20 = {
						CreatedOnToolsVersion = 12.5.1;
						TestTargetID = D30FAA3026CB079700B8BF20;
					};
				};
			};
			buildConfigurationList = D30FAA2C26CB079700B8BF20 /* Build configuration list for PBXProject "quick-scan" */;
			compatibilityVersion = "Xcode 9.3";
			developmentRegion = en;
			hasScannedForEncodings = 0;
			knownRegions = (
				en,
				Base,
			);
			mainGroup = D30FAA2826CB079700B8BF20;
			packageReferences = (
				D37296FB28FD491400939783 /* XCRemoteSwiftPackageReference "swift-snapshot-testing" */,
			);
			productRefGroup = D30FAA3226CB079700B8BF20 /* Products */;
			projectDirPath = "";
			projectRoot = "";
			targets = (
				D30FAA3026CB079700B8BF20 /* quick-scan */,
				D30FAA4626CB079900B8BF20 /* quick-scanTests */,
			);
		};
/* End PBXProject section */

/* Begin PBXResourcesBuildPhase section */
		D30FAA2F26CB079700B8BF20 /* Resources */ = {
			isa = PBXResourcesBuildPhase;
			buildActionMask = 2147483647;
			files = (
				D30FAA4126CB079900B8BF20 /* LaunchScreen.storyboard in Resources */,
				D30FAA3E26CB079900B8BF20 /* Assets.xcassets in Resources */,
				D30FAA3C26CB079700B8BF20 /* Main.storyboard in Resources */,
			);
			runOnlyForDeploymentPostprocessing = 0;
		};
		D30FAA4526CB079900B8BF20 /* Resources */ = {
			isa = PBXResourcesBuildPhase;
			buildActionMask = 2147483647;
			files = (
			);
			runOnlyForDeploymentPostprocessing = 0;
		};
/* End PBXResourcesBuildPhase section */

/* Begin PBXShellScriptBuildPhase section */
		D342D7EF28AFD22B00680174 /* Swiftlint */ = {
			isa = PBXShellScriptBuildPhase;
			buildActionMask = 2147483647;
			files = (
			);
			inputFileListPaths = (
			);
			inputPaths = (
			);
			name = Swiftlint;
			outputFileListPaths = (
			);
			outputPaths = (
			);
			runOnlyForDeploymentPostprocessing = 0;
			shellPath = /bin/sh;
			shellScript = "mint run swiftlint\n";
		};
/* End PBXShellScriptBuildPhase section */

/* Begin PBXSourcesBuildPhase section */
		D30FAA2D26CB079700B8BF20 /* Sources */ = {
			isa = PBXSourcesBuildPhase;
			buildActionMask = 2147483647;
			files = (
				D344DC9728BFEBEE000FD06D /* FileSettings.swift in Sources */,
				D346DE9227F0B1EA00890528 /* SettingsView.swift in Sources */,
				D344DC9328BFE29B000FD06D /* FileSettingsSectionView.swift in Sources */,
				D336A6B6290197AA00C1177B /* FilenameStrategy.swift in Sources */,
				D344DC9528BFE424000FD06D /* AboutSettingsSectionView.swift in Sources */,
				D30FAA7026CBD9AE00B8BF20 /* ScannedDocumentView.swift in Sources */,
				D344DC9B28C0A415000FD06D /* ScanCounter.swift in Sources */,
				D30FAA3526CB079700B8BF20 /* AppDelegate.swift in Sources */,
				D30FAA6D26CBD38400B8BF20 /* ScannerViewController.swift in Sources */,
				D336A6B829019E9100C1177B /* DocumentShareStrategy.swift in Sources */,
				D30FAA3726CB079700B8BF20 /* SceneDelegate.swift in Sources */,
				D30FAA6C26CBD38400B8BF20 /* ScannedDocumentViewController.swift in Sources */,
				D30FAA7A26CD53DE00B8BF20 /* VNDocumentCameraScan+Pdf.swift in Sources */,
				D344DC9928C0A2A8000FD06D /* SettingsViewControllerFactory.swift in Sources */,
				D336A6AE29016F0F00C1177B /* DocumentDataExportStrategy.swift in Sources */,
			);
			runOnlyForDeploymentPostprocessing = 0;
		};
		D30FAA4326CB079900B8BF20 /* Sources */ = {
			isa = PBXSourcesBuildPhase;
			buildActionMask = 2147483647;
			files = (
				D336A6C42901EF1300C1177B /* DateAndTimeFilenameStrategyTests.swift in Sources */,
				D372971328FF38F500939783 /* MockFileSettings.swift in Sources */,
				D372970F28FF362A00939783 /* AboutSettingsSectionViewSnapshotTests.swift in Sources */,
				D336A6C62901EF2D00C1177B /* MockTimeProvider.swift in Sources */,
				D336A6C22901EE1D00C1177B /* CounterFilenameStrategyTests.swift in Sources */,
				D37296FF28FD4A0300939783 /* SettingsViewSnapshotTests.swift in Sources */,
				D372971128FF385E00939783 /* FileSettingsSectionViewSnapshotTests.swift in Sources */,
				D336A6BD2901EBC400C1177B /* NoneFilenameStrategyTests.swift in Sources */,
				D336A6C02901EDD900C1177B /* MockScanCounter.swift in Sources */,
			);
			runOnlyForDeploymentPostprocessing = 0;
		};
/* End PBXSourcesBuildPhase section */

/* Begin PBXTargetDependency section */
		D30FAA4926CB079900B8BF20 /* PBXTargetDependency */ = {
			isa = PBXTargetDependency;
			target = D30FAA3026CB079700B8BF20 /* quick-scan */;
			targetProxy = D30FAA4826CB079900B8BF20 /* PBXContainerItemProxy */;
		};
/* End PBXTargetDependency section */

/* Begin PBXVariantGroup section */
		D30FAA3A26CB079700B8BF20 /* Main.storyboard */ = {
			isa = PBXVariantGroup;
			children = (
				D30FAA3B26CB079700B8BF20 /* Base */,
			);
			name = Main.storyboard;
			sourceTree = "<group>";
		};
		D30FAA3F26CB079900B8BF20 /* LaunchScreen.storyboard */ = {
			isa = PBXVariantGroup;
			children = (
				D30FAA4026CB079900B8BF20 /* Base */,
			);
			name = LaunchScreen.storyboard;
			sourceTree = "<group>";
		};
/* End PBXVariantGroup section */

/* Begin XCBuildConfiguration section */
		D30FAA5926CB079900B8BF20 /* Debug */ = {
			isa = XCBuildConfiguration;
			buildSettings = {
				ALWAYS_SEARCH_USER_PATHS = NO;
				CLANG_ANALYZER_NONNULL = YES;
				CLANG_ANALYZER_NUMBER_OBJECT_CONVERSION = YES_AGGRESSIVE;
				CLANG_CXX_LANGUAGE_STANDARD = "gnu++14";
				CLANG_CXX_LIBRARY = "libc++";
				CLANG_ENABLE_MODULES = YES;
				CLANG_ENABLE_OBJC_ARC = YES;
				CLANG_ENABLE_OBJC_WEAK = YES;
				CLANG_WARN_BLOCK_CAPTURE_AUTORELEASING = YES;
				CLANG_WARN_BOOL_CONVERSION = YES;
				CLANG_WARN_COMMA = YES;
				CLANG_WARN_CONSTANT_CONVERSION = YES;
				CLANG_WARN_DEPRECATED_OBJC_IMPLEMENTATIONS = YES;
				CLANG_WARN_DIRECT_OBJC_ISA_USAGE = YES_ERROR;
				CLANG_WARN_DOCUMENTATION_COMMENTS = YES;
				CLANG_WARN_EMPTY_BODY = YES;
				CLANG_WARN_ENUM_CONVERSION = YES;
				CLANG_WARN_INFINITE_RECURSION = YES;
				CLANG_WARN_INT_CONVERSION = YES;
				CLANG_WARN_NON_LITERAL_NULL_CONVERSION = YES;
				CLANG_WARN_OBJC_IMPLICIT_RETAIN_SELF = YES;
				CLANG_WARN_OBJC_LITERAL_CONVERSION = YES;
				CLANG_WARN_OBJC_ROOT_CLASS = YES_ERROR;
				CLANG_WARN_QUOTED_INCLUDE_IN_FRAMEWORK_HEADER = YES;
				CLANG_WARN_RANGE_LOOP_ANALYSIS = YES;
				CLANG_WARN_STRICT_PROTOTYPES = YES;
				CLANG_WARN_SUSPICIOUS_MOVE = YES;
				CLANG_WARN_UNGUARDED_AVAILABILITY = YES_AGGRESSIVE;
				CLANG_WARN_UNREACHABLE_CODE = YES;
				CLANG_WARN__DUPLICATE_METHOD_MATCH = YES;
				COPY_PHASE_STRIP = NO;
				DEBUG_INFORMATION_FORMAT = dwarf;
				ENABLE_STRICT_OBJC_MSGSEND = YES;
				ENABLE_TESTABILITY = YES;
				GCC_C_LANGUAGE_STANDARD = gnu11;
				GCC_DYNAMIC_NO_PIC = NO;
				GCC_NO_COMMON_BLOCKS = YES;
				GCC_OPTIMIZATION_LEVEL = 0;
				GCC_PREPROCESSOR_DEFINITIONS = (
					"DEBUG=1",
					"$(inherited)",
				);
				GCC_WARN_64_TO_32_BIT_CONVERSION = YES;
				GCC_WARN_ABOUT_RETURN_TYPE = YES_ERROR;
				GCC_WARN_UNDECLARED_SELECTOR = YES;
				GCC_WARN_UNINITIALIZED_AUTOS = YES_AGGRESSIVE;
				GCC_WARN_UNUSED_FUNCTION = YES;
				GCC_WARN_UNUSED_VARIABLE = YES;
				IPHONEOS_DEPLOYMENT_TARGET = 14.0;
				MTL_ENABLE_DEBUG_INFO = INCLUDE_SOURCE;
				MTL_FAST_MATH = YES;
				ONLY_ACTIVE_ARCH = YES;
				SDKROOT = iphoneos;
				SWIFT_ACTIVE_COMPILATION_CONDITIONS = DEBUG;
				SWIFT_OPTIMIZATION_LEVEL = "-Onone";
			};
			name = Debug;
		};
		D30FAA5A26CB079900B8BF20 /* Release */ = {
			isa = XCBuildConfiguration;
			buildSettings = {
				ALWAYS_SEARCH_USER_PATHS = NO;
				CLANG_ANALYZER_NONNULL = YES;
				CLANG_ANALYZER_NUMBER_OBJECT_CONVERSION = YES_AGGRESSIVE;
				CLANG_CXX_LANGUAGE_STANDARD = "gnu++14";
				CLANG_CXX_LIBRARY = "libc++";
				CLANG_ENABLE_MODULES = YES;
				CLANG_ENABLE_OBJC_ARC = YES;
				CLANG_ENABLE_OBJC_WEAK = YES;
				CLANG_WARN_BLOCK_CAPTURE_AUTORELEASING = YES;
				CLANG_WARN_BOOL_CONVERSION = YES;
				CLANG_WARN_COMMA = YES;
				CLANG_WARN_CONSTANT_CONVERSION = YES;
				CLANG_WARN_DEPRECATED_OBJC_IMPLEMENTATIONS = YES;
				CLANG_WARN_DIRECT_OBJC_ISA_USAGE = YES_ERROR;
				CLANG_WARN_DOCUMENTATION_COMMENTS = YES;
				CLANG_WARN_EMPTY_BODY = YES;
				CLANG_WARN_ENUM_CONVERSION = YES;
				CLANG_WARN_INFINITE_RECURSION = YES;
				CLANG_WARN_INT_CONVERSION = YES;
				CLANG_WARN_NON_LITERAL_NULL_CONVERSION = YES;
				CLANG_WARN_OBJC_IMPLICIT_RETAIN_SELF = YES;
				CLANG_WARN_OBJC_LITERAL_CONVERSION = YES;
				CLANG_WARN_OBJC_ROOT_CLASS = YES_ERROR;
				CLANG_WARN_QUOTED_INCLUDE_IN_FRAMEWORK_HEADER = YES;
				CLANG_WARN_RANGE_LOOP_ANALYSIS = YES;
				CLANG_WARN_STRICT_PROTOTYPES = YES;
				CLANG_WARN_SUSPICIOUS_MOVE = YES;
				CLANG_WARN_UNGUARDED_AVAILABILITY = YES_AGGRESSIVE;
				CLANG_WARN_UNREACHABLE_CODE = YES;
				CLANG_WARN__DUPLICATE_METHOD_MATCH = YES;
				COPY_PHASE_STRIP = NO;
				DEBUG_INFORMATION_FORMAT = "dwarf-with-dsym";
				ENABLE_NS_ASSERTIONS = NO;
				ENABLE_STRICT_OBJC_MSGSEND = YES;
				GCC_C_LANGUAGE_STANDARD = gnu11;
				GCC_NO_COMMON_BLOCKS = YES;
				GCC_WARN_64_TO_32_BIT_CONVERSION = YES;
				GCC_WARN_ABOUT_RETURN_TYPE = YES_ERROR;
				GCC_WARN_UNDECLARED_SELECTOR = YES;
				GCC_WARN_UNINITIALIZED_AUTOS = YES_AGGRESSIVE;
				GCC_WARN_UNUSED_FUNCTION = YES;
				GCC_WARN_UNUSED_VARIABLE = YES;
				IPHONEOS_DEPLOYMENT_TARGET = 14.0;
				MTL_ENABLE_DEBUG_INFO = NO;
				MTL_FAST_MATH = YES;
				SDKROOT = iphoneos;
				SWIFT_COMPILATION_MODE = wholemodule;
				SWIFT_OPTIMIZATION_LEVEL = "-O";
				VALIDATE_PRODUCT = YES;
			};
			name = Release;
		};
		D30FAA5C26CB079900B8BF20 /* Debug */ = {
			isa = XCBuildConfiguration;
			buildSettings = {
				ASSETCATALOG_COMPILER_APPICON_NAME = AppIcon;
				ASSETCATALOG_COMPILER_GLOBAL_ACCENT_COLOR_NAME = AccentColor;
				CODE_SIGN_STYLE = Automatic;
				DEVELOPMENT_TEAM = 2M98XC8S2M;
				INFOPLIST_FILE = "quick-scan/Info.plist";
				IPHONEOS_DEPLOYMENT_TARGET = 14.0;
				LD_RUNPATH_SEARCH_PATHS = (
					"$(inherited)",
					"@executable_path/Frameworks",
				);
				PRODUCT_BUNDLE_IDENTIFIER = "szwagrosoft.quick-scan";
				PRODUCT_NAME = "$(TARGET_NAME)";
				SWIFT_VERSION = 5.0;
				TARGETED_DEVICE_FAMILY = "1,2";
			};
			name = Debug;
		};
		D30FAA5D26CB079900B8BF20 /* Release */ = {
			isa = XCBuildConfiguration;
			buildSettings = {
				ASSETCATALOG_COMPILER_APPICON_NAME = AppIcon;
				ASSETCATALOG_COMPILER_GLOBAL_ACCENT_COLOR_NAME = AccentColor;
				CODE_SIGN_STYLE = Automatic;
				DEVELOPMENT_TEAM = 2M98XC8S2M;
				INFOPLIST_FILE = "quick-scan/Info.plist";
				IPHONEOS_DEPLOYMENT_TARGET = 14.0;
				LD_RUNPATH_SEARCH_PATHS = (
					"$(inherited)",
					"@executable_path/Frameworks",
				);
				PRODUCT_BUNDLE_IDENTIFIER = "szwagrosoft.quick-scan";
				PRODUCT_NAME = "$(TARGET_NAME)";
				SWIFT_VERSION = 5.0;
				TARGETED_DEVICE_FAMILY = "1,2";
			};
			name = Release;
		};
		D30FAA5F26CB079900B8BF20 /* Debug */ = {
			isa = XCBuildConfiguration;
			buildSettings = {
				ALWAYS_EMBED_SWIFT_STANDARD_LIBRARIES = YES;
				BUNDLE_LOADER = "$(TEST_HOST)";
				CODE_SIGN_STYLE = Automatic;
				DEVELOPMENT_TEAM = 2M98XC8S2M;
				INFOPLIST_FILE = "quick-scanTests/Info.plist";
				LD_RUNPATH_SEARCH_PATHS = (
					"$(inherited)",
					"@executable_path/Frameworks",
					"@loader_path/Frameworks",
				);
				PRODUCT_BUNDLE_IDENTIFIER = "szwagrosoft.quick-scanTests";
				PRODUCT_NAME = "$(TARGET_NAME)";
				SWIFT_VERSION = 5.0;
				TARGETED_DEVICE_FAMILY = "1,2";
				TEST_HOST = "$(BUILT_PRODUCTS_DIR)/quick-scan.app/quick-scan";
			};
			name = Debug;
		};
		D30FAA6026CB079900B8BF20 /* Release */ = {
			isa = XCBuildConfiguration;
			buildSettings = {
				ALWAYS_EMBED_SWIFT_STANDARD_LIBRARIES = YES;
				BUNDLE_LOADER = "$(TEST_HOST)";
				CODE_SIGN_STYLE = Automatic;
				DEVELOPMENT_TEAM = 2M98XC8S2M;
				INFOPLIST_FILE = "quick-scanTests/Info.plist";
				LD_RUNPATH_SEARCH_PATHS = (
					"$(inherited)",
					"@executable_path/Frameworks",
					"@loader_path/Frameworks",
				);
				PRODUCT_BUNDLE_IDENTIFIER = "szwagrosoft.quick-scanTests";
				PRODUCT_NAME = "$(TARGET_NAME)";
				SWIFT_VERSION = 5.0;
				TARGETED_DEVICE_FAMILY = "1,2";
				TEST_HOST = "$(BUILT_PRODUCTS_DIR)/quick-scan.app/quick-scan";
			};
			name = Release;
		};
/* End XCBuildConfiguration section */

/* Begin XCConfigurationList section */
		D30FAA2C26CB079700B8BF20 /* Build configuration list for PBXProject "quick-scan" */ = {
			isa = XCConfigurationList;
			buildConfigurations = (
				D30FAA5926CB079900B8BF20 /* Debug */,
				D30FAA5A26CB079900B8BF20 /* Release */,
			);
			defaultConfigurationIsVisible = 0;
			defaultConfigurationName = Release;
		};
		D30FAA5B26CB079900B8BF20 /* Build configuration list for PBXNativeTarget "quick-scan" */ = {
			isa = XCConfigurationList;
			buildConfigurations = (
				D30FAA5C26CB079900B8BF20 /* Debug */,
				D30FAA5D26CB079900B8BF20 /* Release */,
			);
			defaultConfigurationIsVisible = 0;
			defaultConfigurationName = Release;
		};
		D30FAA5E26CB079900B8BF20 /* Build configuration list for PBXNativeTarget "quick-scanTests" */ = {
			isa = XCConfigurationList;
			buildConfigurations = (
				D30FAA5F26CB079900B8BF20 /* Debug */,
				D30FAA6026CB079900B8BF20 /* Release */,
			);
			defaultConfigurationIsVisible = 0;
			defaultConfigurationName = Release;
		};
/* End XCConfigurationList section */

/* Begin XCRemoteSwiftPackageReference section */
		D37296FB28FD491400939783 /* XCRemoteSwiftPackageReference "swift-snapshot-testing" */ = {
			isa = XCRemoteSwiftPackageReference;
			repositoryURL = "https://github.com/pointfreeco/swift-snapshot-testing";
			requirement = {
				kind = upToNextMajorVersion;
				minimumVersion = 1.0.0;
			};
		};
/* End XCRemoteSwiftPackageReference section */

/* Begin XCSwiftPackageProductDependency section */
		D37296FC28FD491400939783 /* SnapshotTesting */ = {
			isa = XCSwiftPackageProductDependency;
			package = D37296FB28FD491400939783 /* XCRemoteSwiftPackageReference "swift-snapshot-testing" */;
			productName = SnapshotTesting;
		};
/* End XCSwiftPackageProductDependency section */
	};
	rootObject = D30FAA2926CB079700B8BF20 /* Project object */;
}
